// !$*UTF8*$!
{
	archiveVersion = 1;
	classes = {
	};
	objectVersion = 56;
	objects = {

/* Begin PBXBuildFile section */
		B3570A4F2A16448500F9ED41 /* HaustierAppApp.swift in Sources */ = {isa = PBXBuildFile; fileRef = B3570A4E2A16448500F9ED41 /* HaustierAppApp.swift */; };
		B3570A512A16448500F9ED41 /* ContentView.swift in Sources */ = {isa = PBXBuildFile; fileRef = B3570A502A16448500F9ED41 /* ContentView.swift */; };
		B3570A532A16448600F9ED41 /* Assets.xcassets in Resources */ = {isa = PBXBuildFile; fileRef = B3570A522A16448600F9ED41 /* Assets.xcassets */; };
		B3570A562A16448600F9ED41 /* Preview Assets.xcassets in Resources */ = {isa = PBXBuildFile; fileRef = B3570A552A16448600F9ED41 /* Preview Assets.xcassets */; };
		B3570A582A16448600F9ED41 /* Persistence.swift in Sources */ = {isa = PBXBuildFile; fileRef = B3570A572A16448600F9ED41 /* Persistence.swift */; };
		B3570A5B2A16448600F9ED41 /* HaustierApp.xcdatamodeld in Sources */ = {isa = PBXBuildFile; fileRef = B3570A592A16448600F9ED41 /* HaustierApp.xcdatamodeld */; };
		B3570A6C2A1BBC7700F9ED41 /* Dashboard.swift in Sources */ = {isa = PBXBuildFile; fileRef = B3570A6B2A1BBC7700F9ED41 /* Dashboard.swift */; };
		B3BB75BF2A1D06B70049AD74 /* SideMenuView.swift in Sources */ = {isa = PBXBuildFile; fileRef = B3BB75BE2A1D06B70049AD74 /* SideMenuView.swift */; };
		B3BB75E42A1E663B0049AD74 /* PetData+CoreDataClass.swift in Sources */ = {isa = PBXBuildFile; fileRef = B3BB75E22A1E663B0049AD74 /* PetData+CoreDataClass.swift */; };
/* End PBXBuildFile section */

/* Begin PBXFileReference section */
		B3570A4B2A16448500F9ED41 /* HaustierApp.app */ = {isa = PBXFileReference; explicitFileType = wrapper.application; includeInIndex = 0; path = HaustierApp.app; sourceTree = BUILT_PRODUCTS_DIR; };
		B3570A4E2A16448500F9ED41 /* HaustierAppApp.swift */ = {isa = PBXFileReference; lastKnownFileType = sourcecode.swift; path = HaustierAppApp.swift; sourceTree = "<group>"; };
		B3570A502A16448500F9ED41 /* ContentView.swift */ = {isa = PBXFileReference; lastKnownFileType = sourcecode.swift; path = ContentView.swift; sourceTree = "<group>"; };
		B3570A522A16448600F9ED41 /* Assets.xcassets */ = {isa = PBXFileReference; lastKnownFileType = folder.assetcatalog; path = Assets.xcassets; sourceTree = "<group>"; };
		B3570A552A16448600F9ED41 /* Preview Assets.xcassets */ = {isa = PBXFileReference; lastKnownFileType = folder.assetcatalog; path = "Preview Assets.xcassets"; sourceTree = "<group>"; };
		B3570A572A16448600F9ED41 /* Persistence.swift */ = {isa = PBXFileReference; lastKnownFileType = sourcecode.swift; path = Persistence.swift; sourceTree = "<group>"; };
		B3570A5A2A16448600F9ED41 /* HaustierApp.xcdatamodel */ = {isa = PBXFileReference; lastKnownFileType = wrapper.xcdatamodel; path = HaustierApp.xcdatamodel; sourceTree = "<group>"; };
		B3570A6B2A1BBC7700F9ED41 /* Dashboard.swift */ = {isa = PBXFileReference; lastKnownFileType = sourcecode.swift; path = Dashboard.swift; sourceTree = "<group>"; };
		B3BB75BE2A1D06B70049AD74 /* SideMenuView.swift */ = {isa = PBXFileReference; lastKnownFileType = sourcecode.swift; path = SideMenuView.swift; sourceTree = "<group>"; };
		B3BB75E22A1E663B0049AD74 /* PetData+CoreDataClass.swift */ = {isa = PBXFileReference; lastKnownFileType = sourcecode.swift; path = "PetData+CoreDataClass.swift"; sourceTree = SOURCE_ROOT; };
/* End PBXFileReference section */

/* Begin PBXFrameworksBuildPhase section */
		B3570A482A16448500F9ED41 /* Frameworks */ = {
			isa = PBXFrameworksBuildPhase;
			buildActionMask = 2147483647;
			files = (
			);
			runOnlyForDeploymentPostprocessing = 0;
		};
/* End PBXFrameworksBuildPhase section */

/* Begin PBXGroup section */
		B3570A422A16448500F9ED41 = {
			isa = PBXGroup;
			children = (
				B3570A4D2A16448500F9ED41 /* HaustierApp */,
				B3570A4C2A16448500F9ED41 /* Products */,
			);
			sourceTree = "<group>";
		};
		B3570A4C2A16448500F9ED41 /* Products */ = {
			isa = PBXGroup;
			children = (
				B3570A4B2A16448500F9ED41 /* HaustierApp.app */,
			);
			name = Products;
			sourceTree = "<group>";
		};
		B3570A4D2A16448500F9ED41 /* HaustierApp */ = {
			isa = PBXGroup;
			children = (
				B3570A4E2A16448500F9ED41 /* HaustierAppApp.swift */,
				B3570A6A2A1BB9DE00F9ED41 /* View */,
				B3570A692A1BB9CE00F9ED41 /* Model */,
				B3570A522A16448600F9ED41 /* Assets.xcassets */,
				B3570A572A16448600F9ED41 /* Persistence.swift */,
				B3570A592A16448600F9ED41 /* HaustierApp.xcdatamodeld */,
				B3570A542A16448600F9ED41 /* Preview Content */,
			);
			path = HaustierApp;
			sourceTree = "<group>";
		};
		B3570A542A16448600F9ED41 /* Preview Content */ = {
			isa = PBXGroup;
			children = (
				B3570A552A16448600F9ED41 /* Preview Assets.xcassets */,
			);
			path = "Preview Content";
			sourceTree = "<group>";
		};
		B3570A692A1BB9CE00F9ED41 /* Model */ = {
			isa = PBXGroup;
			children = (
				B3BB75E22A1E663B0049AD74 /* PetData+CoreDataClass.swift */,
			);
			path = Model;
			sourceTree = "<group>";
		};
		B3570A6A2A1BB9DE00F9ED41 /* View */ = {
			isa = PBXGroup;
			children = (
				B3570A502A16448500F9ED41 /* ContentView.swift */,
				B3BB75BE2A1D06B70049AD74 /* SideMenuView.swift */,
				B3570A6B2A1BBC7700F9ED41 /* Dashboard.swift */,
			);
			path = View;
			sourceTree = "<group>";
		};
/* End PBXGroup section */

/* Begin PBXNativeTarget section */
		B3570A4A2A16448500F9ED41 /* HaustierApp */ = {
			isa = PBXNativeTarget;
			buildConfigurationList = B3570A5E2A16448600F9ED41 /* Build configuration list for PBXNativeTarget "HaustierApp" */;
			buildPhases = (
				B3570A472A16448500F9ED41 /* Sources */,
				B3570A482A16448500F9ED41 /* Frameworks */,
				B3570A492A16448500F9ED41 /* Resources */,
			);
			buildRules = (
			);
			dependencies = (
			);
			name = HaustierApp;
			productName = HaustierApp;
			productReference = B3570A4B2A16448500F9ED41 /* HaustierApp.app */;
			productType = "com.apple.product-type.application";
		};
/* End PBXNativeTarget section */

/* Begin PBXProject section */
		B3570A432A16448500F9ED41 /* Project object */ = {
			isa = PBXProject;
			attributes = {
				BuildIndependentTargetsInParallel = 1;
				LastSwiftUpdateCheck = 1430;
				LastUpgradeCheck = 1430;
				TargetAttributes = {
					B3570A4A2A16448500F9ED41 = {
						CreatedOnToolsVersion = 14.3;
					};
				};
			};
			buildConfigurationList = B3570A462A16448500F9ED41 /* Build configuration list for PBXProject "HaustierApp" */;
			compatibilityVersion = "Xcode 14.0";
			developmentRegion = en;
			hasScannedForEncodings = 0;
			knownRegions = (
				en,
				Base,
			);
			mainGroup = B3570A422A16448500F9ED41;
			productRefGroup = B3570A4C2A16448500F9ED41 /* Products */;
			projectDirPath = "";
			projectRoot = "";
			targets = (
				B3570A4A2A16448500F9ED41 /* HaustierApp */,
			);
		};
/* End PBXProject section */

/* Begin PBXResourcesBuildPhase section */
		B3570A492A16448500F9ED41 /* Resources */ = {
			isa = PBXResourcesBuildPhase;
			buildActionMask = 2147483647;
			files = (
				B3570A562A16448600F9ED41 /* Preview Assets.xcassets in Resources */,
				B3570A532A16448600F9ED41 /* Assets.xcassets in Resources */,
			);
			runOnlyForDeploymentPostprocessing = 0;
		};
/* End PBXResourcesBuildPhase section */

/* Begin PBXSourcesBuildPhase section */
		B3570A472A16448500F9ED41 /* Sources */ = {
			isa = PBXSourcesBuildPhase;
			buildActionMask = 2147483647;
			files = (
				B3BB75E42A1E663B0049AD74 /* PetData+CoreDataClass.swift in Sources */,
				B3BB75BF2A1D06B70049AD74 /* SideMenuView.swift in Sources */,
				B3570A582A16448600F9ED41 /* Persistence.swift in Sources */,
				B3570A512A16448500F9ED41 /* ContentView.swift in Sources */,
				B3570A5B2A16448600F9ED41 /* HaustierApp.xcdatamodeld in Sources */,
				B3570A6C2A1BBC7700F9ED41 /* Dashboard.swift in Sources */,
				B3570A4F2A16448500F9ED41 /* HaustierAppApp.swift in Sources */,
			);
			runOnlyForDeploymentPostprocessing = 0;
		};
/* End PBXSourcesBuildPhase section */

/* Begin XCBuildConfiguration section */
		B3570A5C2A16448600F9ED41 /* Debug */ = {
			isa = XCBuildConfiguration;
			buildSettings = {
				ALWAYS_SEARCH_USER_PATHS = NO;
				CLANG_ANALYZER_NONNULL = YES;
				CLANG_ANALYZER_NUMBER_OBJECT_CONVERSION = YES_AGGRESSIVE;
				CLANG_CXX_LANGUAGE_STANDARD = "gnu++20";
				CLANG_ENABLE_MODULES = YES;
				CLANG_ENABLE_OBJC_ARC = YES;
				CLANG_ENABLE_OBJC_WEAK = YES;
				CLANG_WARN_BLOCK_CAPTURE_AUTORELEASING = YES;
				CLANG_WARN_BOOL_CONVERSION = YES;
				CLANG_WARN_COMMA = YES;
				CLANG_WARN_CONSTANT_CONVERSION = YES;
				CLANG_WARN_DEPRECATED_OBJC_IMPLEMENTATIONS = YES;
				CLANG_WARN_DIRECT_OBJC_ISA_USAGE = YES_ERROR;
				CLANG_WARN_DOCUMENTATION_COMMENTS = YES;
				CLANG_WARN_EMPTY_BODY = YES;
				CLANG_WARN_ENUM_CONVERSION = YES;
				CLANG_WARN_INFINITE_RECURSION = YES;
				CLANG_WARN_INT_CONVERSION = YES;
				CLANG_WARN_NON_LITERAL_NULL_CONVERSION = YES;
				CLANG_WARN_OBJC_IMPLICIT_RETAIN_SELF = YES;
				CLANG_WARN_OBJC_LITERAL_CONVERSION = YES;
				CLANG_WARN_OBJC_ROOT_CLASS = YES_ERROR;
				CLANG_WARN_QUOTED_INCLUDE_IN_FRAMEWORK_HEADER = YES;
				CLANG_WARN_RANGE_LOOP_ANALYSIS = YES;
				CLANG_WARN_STRICT_PROTOTYPES = YES;
				CLANG_WARN_SUSPICIOUS_MOVE = YES;
				CLANG_WARN_UNGUARDED_AVAILABILITY = YES_AGGRESSIVE;
				CLANG_WARN_UNREACHABLE_CODE = YES;
				CLANG_WARN__DUPLICATE_METHOD_MATCH = YES;
				COPY_PHASE_STRIP = NO;
				DEBUG_INFORMATION_FORMAT = dwarf;
				ENABLE_STRICT_OBJC_MSGSEND = YES;
				ENABLE_TESTABILITY = YES;
				GCC_C_LANGUAGE_STANDARD = gnu11;
				GCC_DYNAMIC_NO_PIC = NO;
				GCC_NO_COMMON_BLOCKS = YES;
				GCC_OPTIMIZATION_LEVEL = 0;
				GCC_PREPROCESSOR_DEFINITIONS = (
					"DEBUG=1",
					"$(inherited)",
				);
				GCC_WARN_64_TO_32_BIT_CONVERSION = YES;
				GCC_WARN_ABOUT_RETURN_TYPE = YES_ERROR;
				GCC_WARN_UNDECLARED_SELECTOR = YES;
				GCC_WARN_UNINITIALIZED_AUTOS = YES_AGGRESSIVE;
				GCC_WARN_UNUSED_FUNCTION = YES;
				GCC_WARN_UNUSED_VARIABLE = YES;
				IPHONEOS_DEPLOYMENT_TARGET = 16.4;
				MTL_ENABLE_DEBUG_INFO = INCLUDE_SOURCE;
				MTL_FAST_MATH = YES;
				ONLY_ACTIVE_ARCH = YES;
				SDKROOT = iphoneos;
				SWIFT_ACTIVE_COMPILATION_CONDITIONS = DEBUG;
				SWIFT_OPTIMIZATION_LEVEL = "-Onone";
			};
			name = Debug;
		};
		B3570A5D2A16448600F9ED41 /* Release */ = {
			isa = XCBuildConfiguration;
			buildSettings = {
				ALWAYS_SEARCH_USER_PATHS = NO;
				CLANG_ANALYZER_NONNULL = YES;
				CLANG_ANALYZER_NUMBER_OBJECT_CONVERSION = YES_AGGRESSIVE;
				CLANG_CXX_LANGUAGE_STANDARD = "gnu++20";
				CLANG_ENABLE_MODULES = YES;
				CLANG_ENABLE_OBJC_ARC = YES;
				CLANG_ENABLE_OBJC_WEAK = YES;
				CLANG_WARN_BLOCK_CAPTURE_AUTORELEASING = YES;
				CLANG_WARN_BOOL_CONVERSION = YES;
				CLANG_WARN_COMMA = YES;
				CLANG_WARN_CONSTANT_CONVERSION = YES;
				CLANG_WARN_DEPRECATED_OBJC_IMPLEMENTATIONS = YES;
				CLANG_WARN_DIRECT_OBJC_ISA_USAGE = YES_ERROR;
				CLANG_WARN_DOCUMENTATION_COMMENTS = YES;
				CLANG_WARN_EMPTY_BODY = YES;
				CLANG_WARN_ENUM_CONVERSION = YES;
				CLANG_WARN_INFINITE_RECURSION = YES;
				CLANG_WARN_INT_CONVERSION = YES;
				CLANG_WARN_NON_LITERAL_NULL_CONVERSION = YES;
				CLANG_WARN_OBJC_IMPLICIT_RETAIN_SELF = YES;
				CLANG_WARN_OBJC_LITERAL_CONVERSION = YES;
				CLANG_WARN_OBJC_ROOT_CLASS = YES_ERROR;
				CLANG_WARN_QUOTED_INCLUDE_IN_FRAMEWORK_HEADER = YES;
				CLANG_WARN_RANGE_LOOP_ANALYSIS = YES;
				CLANG_WARN_STRICT_PROTOTYPES = YES;
				CLANG_WARN_SUSPICIOUS_MOVE = YES;
				CLANG_WARN_UNGUARDED_AVAILABILITY = YES_AGGRESSIVE;
				CLANG_WARN_UNREACHABLE_CODE = YES;
				CLANG_WARN__DUPLICATE_METHOD_MATCH = YES;
				COPY_PHASE_STRIP = NO;
				DEBUG_INFORMATION_FORMAT = "dwarf-with-dsym";
				ENABLE_NS_ASSERTIONS = NO;
				ENABLE_STRICT_OBJC_MSGSEND = YES;
				GCC_C_LANGUAGE_STANDARD = gnu11;
				GCC_NO_COMMON_BLOCKS = YES;
				GCC_WARN_64_TO_32_BIT_CONVERSION = YES;
				GCC_WARN_ABOUT_RETURN_TYPE = YES_ERROR;
				GCC_WARN_UNDECLARED_SELECTOR = YES;
				GCC_WARN_UNINITIALIZED_AUTOS = YES_AGGRESSIVE;
				GCC_WARN_UNUSED_FUNCTION = YES;
				GCC_WARN_UNUSED_VARIABLE = YES;
				IPHONEOS_DEPLOYMENT_TARGET = 16.4;
				MTL_ENABLE_DEBUG_INFO = NO;
				MTL_FAST_MATH = YES;
				SDKROOT = iphoneos;
				SWIFT_COMPILATION_MODE = wholemodule;
				SWIFT_OPTIMIZATION_LEVEL = "-O";
				VALIDATE_PRODUCT = YES;
			};
			name = Release;
		};
		B3570A5F2A16448600F9ED41 /* Debug */ = {
			isa = XCBuildConfiguration;
			buildSettings = {
				ASSETCATALOG_COMPILER_APPICON_NAME = AppIcon;
				ASSETCATALOG_COMPILER_GLOBAL_ACCENT_COLOR_NAME = AccentColor;
				CODE_SIGN_STYLE = Automatic;
				CURRENT_PROJECT_VERSION = 1;
				DEVELOPMENT_ASSET_PATHS = "\"HaustierApp/Preview Content\"";
				DEVELOPMENT_TEAM = 4UWA3JWG77;
				ENABLE_PREVIEWS = YES;
				GENERATE_INFOPLIST_FILE = YES;
				INFOPLIST_KEY_UIApplicationSceneManifest_Generation = YES;
				INFOPLIST_KEY_UIApplicationSupportsIndirectInputEvents = YES;
				INFOPLIST_KEY_UILaunchScreen_Generation = YES;
				INFOPLIST_KEY_UISupportedInterfaceOrientations_iPad = "UIInterfaceOrientationPortrait UIInterfaceOrientationPortraitUpsideDown UIInterfaceOrientationLandscapeLeft UIInterfaceOrientationLandscapeRight";
				INFOPLIST_KEY_UISupportedInterfaceOrientations_iPhone = "UIInterfaceOrientationPortrait UIInterfaceOrientationLandscapeLeft UIInterfaceOrientationLandscapeRight";
				LD_RUNPATH_SEARCH_PATHS = (
					"$(inherited)",
					"@executable_path/Frameworks",
				);
				MARKETING_VERSION = 1.0;
				PRODUCT_BUNDLE_IDENTIFIER = de.antoniaeckert.HaustierApp;
				PRODUCT_NAME = "$(TARGET_NAME)";
				SWIFT_EMIT_LOC_STRINGS = YES;
				SWIFT_VERSION = 5.0;
				TARGETED_DEVICE_FAMILY = "1,2";
			};
			name = Debug;
		};
		B3570A602A16448600F9ED41 /* Release */ = {
			isa = XCBuildConfiguration;
			buildSettings = {
				ASSETCATALOG_COMPILER_APPICON_NAME = AppIcon;
				ASSETCATALOG_COMPILER_GLOBAL_ACCENT_COLOR_NAME = AccentColor;
				CODE_SIGN_STYLE = Automatic;
				CURRENT_PROJECT_VERSION = 1;
				DEVELOPMENT_ASSET_PATHS = "\"HaustierApp/Preview Content\"";
				DEVELOPMENT_TEAM = 4UWA3JWG77;
				ENABLE_PREVIEWS = YES;
				GENERATE_INFOPLIST_FILE = YES;
				INFOPLIST_KEY_UIApplicationSceneManifest_Generation = YES;
				INFOPLIST_KEY_UIApplicationSupportsIndirectInputEvents = YES;
				INFOPLIST_KEY_UILaunchScreen_Generation = YES;
				INFOPLIST_KEY_UISupportedInterfaceOrientations_iPad = "UIInterfaceOrientationPortrait UIInterfaceOrientationPortraitUpsideDown UIInterfaceOrientationLandscapeLeft UIInterfaceOrientationLandscapeRight";
				INFOPLIST_KEY_UISupportedInterfaceOrientations_iPhone = "UIInterfaceOrientationPortrait UIInterfaceOrientationLandscapeLeft UIInterfaceOrientationLandscapeRight";
				LD_RUNPATH_SEARCH_PATHS = (
					"$(inherited)",
					"@executable_path/Frameworks",
				);
				MARKETING_VERSION = 1.0;
				PRODUCT_BUNDLE_IDENTIFIER = de.antoniaeckert.HaustierApp;
				PRODUCT_NAME = "$(TARGET_NAME)";
				SWIFT_EMIT_LOC_STRINGS = YES;
				SWIFT_VERSION = 5.0;
				TARGETED_DEVICE_FAMILY = "1,2";
			};
			name = Release;
		};
/* End XCBuildConfiguration section */

/* Begin XCConfigurationList section */
		B3570A462A16448500F9ED41 /* Build configuration list for PBXProject "HaustierApp" */ = {
			isa = XCConfigurationList;
			buildConfigurations = (
				B3570A5C2A16448600F9ED41 /* Debug */,
				B3570A5D2A16448600F9ED41 /* Release */,
			);
			defaultConfigurationIsVisible = 0;
			defaultConfigurationName = Release;
		};
		B3570A5E2A16448600F9ED41 /* Build configuration list for PBXNativeTarget "HaustierApp" */ = {
			isa = XCConfigurationList;
			buildConfigurations = (
				B3570A5F2A16448600F9ED41 /* Debug */,
				B3570A602A16448600F9ED41 /* Release */,
			);
			defaultConfigurationIsVisible = 0;
			defaultConfigurationName = Release;
		};
/* End XCConfigurationList section */

/* Begin XCVersionGroup section */
		B3570A592A16448600F9ED41 /* HaustierApp.xcdatamodeld */ = {
			isa = XCVersionGroup;
			children = (
				B3570A5A2A16448600F9ED41 /* HaustierApp.xcdatamodel */,
			);
			currentVersion = B3570A5A2A16448600F9ED41 /* HaustierApp.xcdatamodel */;
			path = HaustierApp.xcdatamodeld;
			sourceTree = "<group>";
			versionGroupType = wrapper.xcdatamodel;
		};
/* End XCVersionGroup section */
	};
	rootObject = B3570A432A16448500F9ED41 /* Project object */;
}
