// !$*UTF8*$!
{
	archiveVersion = 1;
	classes = {
	};
	objectVersion = 56;
	objects = {

/* Begin PBXBuildFile section */
		B30FC0392A4321BE002A1B26 /* ProfileViewTile.swift in Sources */ = {isa = PBXBuildFile; fileRef = B30FC0382A4321BE002A1B26 /* ProfileViewTile.swift */; };
		B30FC03B2A43251C002A1B26 /* ProfileViewVM.swift in Sources */ = {isa = PBXBuildFile; fileRef = B30FC03A2A43251C002A1B26 /* ProfileViewVM.swift */; };
		B34C25142A261A5500DB3C4E /* ViewModel.swift in Sources */ = {isa = PBXBuildFile; fileRef = B34C25132A261A5500DB3C4E /* ViewModel.swift */; };
		B34C25172A2626DC00DB3C4E /* NavigationBar.swift in Sources */ = {isa = PBXBuildFile; fileRef = B34C25162A2626DC00DB3C4E /* NavigationBar.swift */; };
		B34C251A2A262BB800DB3C4E /* MainView.swift in Sources */ = {isa = PBXBuildFile; fileRef = B34C25192A262BB800DB3C4E /* MainView.swift */; };
		B34C251C2A26364A00DB3C4E /* PetProfileButton.swift in Sources */ = {isa = PBXBuildFile; fileRef = B34C251B2A26364A00DB3C4E /* PetProfileButton.swift */; };
		B34C251E2A263F0E00DB3C4E /* SlideInMenu.swift in Sources */ = {isa = PBXBuildFile; fileRef = B34C251D2A263F0E00DB3C4E /* SlideInMenu.swift */; };
		B34C25262A28DC4C00DB3C4E /* PetDataView.swift in Sources */ = {isa = PBXBuildFile; fileRef = B34C25252A28DC4C00DB3C4E /* PetDataView.swift */; };
		B34C25282A28DDE000DB3C4E /* CreatePetButton.swift in Sources */ = {isa = PBXBuildFile; fileRef = B34C25272A28DDE000DB3C4E /* CreatePetButton.swift */; };
		B34C252A2A28DED700DB3C4E /* PetDataInputView.swift in Sources */ = {isa = PBXBuildFile; fileRef = B34C25292A28DED700DB3C4E /* PetDataInputView.swift */; };
		B3570A4F2A16448500F9ED41 /* HaustierAppApp.swift in Sources */ = {isa = PBXBuildFile; fileRef = B3570A4E2A16448500F9ED41 /* HaustierAppApp.swift */; };
		B3570A512A16448500F9ED41 /* ContentView.swift in Sources */ = {isa = PBXBuildFile; fileRef = B3570A502A16448500F9ED41 /* ContentView.swift */; };
		B3570A532A16448600F9ED41 /* Assets.xcassets in Resources */ = {isa = PBXBuildFile; fileRef = B3570A522A16448600F9ED41 /* Assets.xcassets */; };
		B3570A562A16448600F9ED41 /* Preview Assets.xcassets in Resources */ = {isa = PBXBuildFile; fileRef = B3570A552A16448600F9ED41 /* Preview Assets.xcassets */; };
		B3570A582A16448600F9ED41 /* Persistence.swift in Sources */ = {isa = PBXBuildFile; fileRef = B3570A572A16448600F9ED41 /* Persistence.swift */; };
		B3570A6C2A1BBC7700F9ED41 /* Dashboard.swift in Sources */ = {isa = PBXBuildFile; fileRef = B3570A6B2A1BBC7700F9ED41 /* Dashboard.swift */; };
		B35C8C072A20CAA5009CC296 /* ProfileOverview.swift in Sources */ = {isa = PBXBuildFile; fileRef = B35C8C062A20CAA5009CC296 /* ProfileOverview.swift */; };
		B35C8C092A20CC4D009CC296 /* OverviewTile.swift in Sources */ = {isa = PBXBuildFile; fileRef = B35C8C082A20CC4D009CC296 /* OverviewTile.swift */; };
		B37C34982A42FFF6004B75A2 /* RadioButtonGroup.swift in Sources */ = {isa = PBXBuildFile; fileRef = B37C34972A42FFF6004B75A2 /* RadioButtonGroup.swift */; };
		B3B1ADC32A41B132006F12F1 /* CoreDataController.swift in Sources */ = {isa = PBXBuildFile; fileRef = B3B1ADC22A41B132006F12F1 /* CoreDataController.swift */; };
		B3B1ADC62A41C6C6006F12F1 /* PetDataViewModel.swift in Sources */ = {isa = PBXBuildFile; fileRef = B3B1ADC52A41C6C6006F12F1 /* PetDataViewModel.swift */; };
		B3B1ADC92A41CF74006F12F1 /* RadioButton.swift in Sources */ = {isa = PBXBuildFile; fileRef = B3B1ADC82A41CF74006F12F1 /* RadioButton.swift */; };
		B3BB75BF2A1D06B70049AD74 /* SideMenuView.swift in Sources */ = {isa = PBXBuildFile; fileRef = B3BB75BE2A1D06B70049AD74 /* SideMenuView.swift */; };
		B3C04AB12A1F8CA700D92831 /* DataModel.xcdatamodeld in Sources */ = {isa = PBXBuildFile; fileRef = B3C04AAF2A1F8CA700D92831 /* DataModel.xcdatamodeld */; };
		B3C04ACB2A1F98E700D92831 /* FoodIntolerance+CoreDataClass.swift in Sources */ = {isa = PBXBuildFile; fileRef = B3C04ABF2A1F98E700D92831 /* FoodIntolerance+CoreDataClass.swift */; };
		B3C04ACC2A1F98E700D92831 /* FoodIntolerance+CoreDataProperties.swift in Sources */ = {isa = PBXBuildFile; fileRef = B3C04AC02A1F98E700D92831 /* FoodIntolerance+CoreDataProperties.swift */; };
		B3C04ACD2A1F98E700D92831 /* PetData+CoreDataClass.swift in Sources */ = {isa = PBXBuildFile; fileRef = B3C04AC12A1F98E700D92831 /* PetData+CoreDataClass.swift */; };
		B3C04ACE2A1F98E700D92831 /* PetData+CoreDataProperties.swift in Sources */ = {isa = PBXBuildFile; fileRef = B3C04AC22A1F98E700D92831 /* PetData+CoreDataProperties.swift */; };
		B3C04ACF2A1F98E700D92831 /* Diagnosis+CoreDataClass.swift in Sources */ = {isa = PBXBuildFile; fileRef = B3C04AC32A1F98E700D92831 /* Diagnosis+CoreDataClass.swift */; };
		B3C04AD02A1F98E700D92831 /* Diagnosis+CoreDataProperties.swift in Sources */ = {isa = PBXBuildFile; fileRef = B3C04AC42A1F98E700D92831 /* Diagnosis+CoreDataProperties.swift */; };
		B3C04AD12A1F98E700D92831 /* Medication+CoreDataClass.swift in Sources */ = {isa = PBXBuildFile; fileRef = B3C04AC52A1F98E700D92831 /* Medication+CoreDataClass.swift */; };
		B3C04AD22A1F98E700D92831 /* Medication+CoreDataProperties.swift in Sources */ = {isa = PBXBuildFile; fileRef = B3C04AC62A1F98E700D92831 /* Medication+CoreDataProperties.swift */; };
		B3C04AD32A1F98E700D92831 /* Vaccine+CoreDataClass.swift in Sources */ = {isa = PBXBuildFile; fileRef = B3C04AC72A1F98E700D92831 /* Vaccine+CoreDataClass.swift */; };
		B3C04AD42A1F98E700D92831 /* Vaccine+CoreDataProperties.swift in Sources */ = {isa = PBXBuildFile; fileRef = B3C04AC82A1F98E700D92831 /* Vaccine+CoreDataProperties.swift */; };
		B3C04AD52A1F98E700D92831 /* Food+CoreDataClass.swift in Sources */ = {isa = PBXBuildFile; fileRef = B3C04AC92A1F98E700D92831 /* Food+CoreDataClass.swift */; };
		B3C04AD62A1F98E700D92831 /* Food+CoreDataProperties.swift in Sources */ = {isa = PBXBuildFile; fileRef = B3C04ACA2A1F98E700D92831 /* Food+CoreDataProperties.swift */; };
		B3F5B0392A372CD90072E890 /* Ausprobieren.swift in Sources */ = {isa = PBXBuildFile; fileRef = B3F5B0382A372CD90072E890 /* Ausprobieren.swift */; };
		B3F5B03B2A373B0A0072E890 /* CoreDataAccess.swift in Sources */ = {isa = PBXBuildFile; fileRef = B3F5B03A2A373B0A0072E890 /* CoreDataAccess.swift */; };
/* End PBXBuildFile section */

/* Begin PBXFileReference section */
		B30FC0382A4321BE002A1B26 /* ProfileViewTile.swift */ = {isa = PBXFileReference; lastKnownFileType = sourcecode.swift; path = ProfileViewTile.swift; sourceTree = "<group>"; };
		B30FC03A2A43251C002A1B26 /* ProfileViewVM.swift */ = {isa = PBXFileReference; lastKnownFileType = sourcecode.swift; path = ProfileViewVM.swift; sourceTree = "<group>"; };
		B34C25132A261A5500DB3C4E /* ViewModel.swift */ = {isa = PBXFileReference; lastKnownFileType = sourcecode.swift; path = ViewModel.swift; sourceTree = "<group>"; };
		B34C25162A2626DC00DB3C4E /* NavigationBar.swift */ = {isa = PBXFileReference; lastKnownFileType = sourcecode.swift; path = NavigationBar.swift; sourceTree = "<group>"; };
		B34C25192A262BB800DB3C4E /* MainView.swift */ = {isa = PBXFileReference; lastKnownFileType = sourcecode.swift; path = MainView.swift; sourceTree = "<group>"; usesTabs = 0; };
		B34C251B2A26364A00DB3C4E /* PetProfileButton.swift */ = {isa = PBXFileReference; lastKnownFileType = sourcecode.swift; path = PetProfileButton.swift; sourceTree = "<group>"; };
		B34C251D2A263F0E00DB3C4E /* SlideInMenu.swift */ = {isa = PBXFileReference; lastKnownFileType = sourcecode.swift; path = SlideInMenu.swift; sourceTree = "<group>"; };
		B34C25252A28DC4C00DB3C4E /* PetDataView.swift */ = {isa = PBXFileReference; lastKnownFileType = sourcecode.swift; path = PetDataView.swift; sourceTree = "<group>"; };
		B34C25272A28DDE000DB3C4E /* CreatePetButton.swift */ = {isa = PBXFileReference; lastKnownFileType = sourcecode.swift; path = CreatePetButton.swift; sourceTree = "<group>"; };
		B34C25292A28DED700DB3C4E /* PetDataInputView.swift */ = {isa = PBXFileReference; lastKnownFileType = sourcecode.swift; path = PetDataInputView.swift; sourceTree = "<group>"; };
		B3570A4B2A16448500F9ED41 /* HaustierApp.app */ = {isa = PBXFileReference; explicitFileType = wrapper.application; includeInIndex = 0; path = HaustierApp.app; sourceTree = BUILT_PRODUCTS_DIR; };
		B3570A4E2A16448500F9ED41 /* HaustierAppApp.swift */ = {isa = PBXFileReference; lastKnownFileType = sourcecode.swift; path = HaustierAppApp.swift; sourceTree = "<group>"; };
		B3570A502A16448500F9ED41 /* ContentView.swift */ = {isa = PBXFileReference; lastKnownFileType = sourcecode.swift; path = ContentView.swift; sourceTree = "<group>"; };
		B3570A522A16448600F9ED41 /* Assets.xcassets */ = {isa = PBXFileReference; lastKnownFileType = folder.assetcatalog; path = Assets.xcassets; sourceTree = "<group>"; };
		B3570A552A16448600F9ED41 /* Preview Assets.xcassets */ = {isa = PBXFileReference; lastKnownFileType = folder.assetcatalog; path = "Preview Assets.xcassets"; sourceTree = "<group>"; };
		B3570A572A16448600F9ED41 /* Persistence.swift */ = {isa = PBXFileReference; lastKnownFileType = sourcecode.swift; path = Persistence.swift; sourceTree = "<group>"; };
		B3570A6B2A1BBC7700F9ED41 /* Dashboard.swift */ = {isa = PBXFileReference; lastKnownFileType = sourcecode.swift; path = Dashboard.swift; sourceTree = "<group>"; };
		B35C8C062A20CAA5009CC296 /* ProfileOverview.swift */ = {isa = PBXFileReference; lastKnownFileType = sourcecode.swift; path = ProfileOverview.swift; sourceTree = "<group>"; };
		B35C8C082A20CC4D009CC296 /* OverviewTile.swift */ = {isa = PBXFileReference; lastKnownFileType = sourcecode.swift; path = OverviewTile.swift; sourceTree = "<group>"; };
		B37C34972A42FFF6004B75A2 /* RadioButtonGroup.swift */ = {isa = PBXFileReference; lastKnownFileType = sourcecode.swift; path = RadioButtonGroup.swift; sourceTree = "<group>"; };
		B3B1ADC22A41B132006F12F1 /* CoreDataController.swift */ = {isa = PBXFileReference; lastKnownFileType = sourcecode.swift; path = CoreDataController.swift; sourceTree = "<group>"; };
		B3B1ADC52A41C6C6006F12F1 /* PetDataViewModel.swift */ = {isa = PBXFileReference; lastKnownFileType = sourcecode.swift; path = PetDataViewModel.swift; sourceTree = "<group>"; };
		B3B1ADC82A41CF74006F12F1 /* RadioButton.swift */ = {isa = PBXFileReference; lastKnownFileType = sourcecode.swift; path = RadioButton.swift; sourceTree = "<group>"; };
		B3BB75BE2A1D06B70049AD74 /* SideMenuView.swift */ = {isa = PBXFileReference; lastKnownFileType = sourcecode.swift; path = SideMenuView.swift; sourceTree = "<group>"; };
		B3C04AB02A1F8CA700D92831 /* DataModel.xcdatamodel */ = {isa = PBXFileReference; lastKnownFileType = wrapper.xcdatamodel; path = DataModel.xcdatamodel; sourceTree = "<group>"; };
		B3C04ABF2A1F98E700D92831 /* FoodIntolerance+CoreDataClass.swift */ = {isa = PBXFileReference; lastKnownFileType = sourcecode.swift; name = "FoodIntolerance+CoreDataClass.swift"; path = "HaustierApp/Model/FoodIntolerance+CoreDataClass.swift"; sourceTree = "<group>"; };
		B3C04AC02A1F98E700D92831 /* FoodIntolerance+CoreDataProperties.swift */ = {isa = PBXFileReference; lastKnownFileType = sourcecode.swift; name = "FoodIntolerance+CoreDataProperties.swift"; path = "HaustierApp/Model/FoodIntolerance+CoreDataProperties.swift"; sourceTree = "<group>"; };
		B3C04AC12A1F98E700D92831 /* PetData+CoreDataClass.swift */ = {isa = PBXFileReference; lastKnownFileType = sourcecode.swift; name = "PetData+CoreDataClass.swift"; path = "HaustierApp/Model/PetData+CoreDataClass.swift"; sourceTree = "<group>"; };
		B3C04AC22A1F98E700D92831 /* PetData+CoreDataProperties.swift */ = {isa = PBXFileReference; lastKnownFileType = sourcecode.swift; name = "PetData+CoreDataProperties.swift"; path = "HaustierApp/Model/PetData+CoreDataProperties.swift"; sourceTree = "<group>"; };
		B3C04AC32A1F98E700D92831 /* Diagnosis+CoreDataClass.swift */ = {isa = PBXFileReference; lastKnownFileType = sourcecode.swift; name = "Diagnosis+CoreDataClass.swift"; path = "HaustierApp/Model/Diagnosis+CoreDataClass.swift"; sourceTree = "<group>"; };
		B3C04AC42A1F98E700D92831 /* Diagnosis+CoreDataProperties.swift */ = {isa = PBXFileReference; lastKnownFileType = sourcecode.swift; name = "Diagnosis+CoreDataProperties.swift"; path = "HaustierApp/Model/Diagnosis+CoreDataProperties.swift"; sourceTree = "<group>"; };
		B3C04AC52A1F98E700D92831 /* Medication+CoreDataClass.swift */ = {isa = PBXFileReference; lastKnownFileType = sourcecode.swift; name = "Medication+CoreDataClass.swift"; path = "HaustierApp/Model/Medication+CoreDataClass.swift"; sourceTree = "<group>"; };
		B3C04AC62A1F98E700D92831 /* Medication+CoreDataProperties.swift */ = {isa = PBXFileReference; lastKnownFileType = sourcecode.swift; name = "Medication+CoreDataProperties.swift"; path = "HaustierApp/Model/Medication+CoreDataProperties.swift"; sourceTree = "<group>"; };
		B3C04AC72A1F98E700D92831 /* Vaccine+CoreDataClass.swift */ = {isa = PBXFileReference; lastKnownFileType = sourcecode.swift; name = "Vaccine+CoreDataClass.swift"; path = "HaustierApp/Model/Vaccine+CoreDataClass.swift"; sourceTree = "<group>"; };
		B3C04AC82A1F98E700D92831 /* Vaccine+CoreDataProperties.swift */ = {isa = PBXFileReference; lastKnownFileType = sourcecode.swift; name = "Vaccine+CoreDataProperties.swift"; path = "HaustierApp/Model/Vaccine+CoreDataProperties.swift"; sourceTree = "<group>"; };
		B3C04AC92A1F98E700D92831 /* Food+CoreDataClass.swift */ = {isa = PBXFileReference; lastKnownFileType = sourcecode.swift; name = "Food+CoreDataClass.swift"; path = "HaustierApp/Model/Food+CoreDataClass.swift"; sourceTree = "<group>"; };
		B3C04ACA2A1F98E700D92831 /* Food+CoreDataProperties.swift */ = {isa = PBXFileReference; lastKnownFileType = sourcecode.swift; name = "Food+CoreDataProperties.swift"; path = "HaustierApp/Model/Food+CoreDataProperties.swift"; sourceTree = "<group>"; };
		B3F5B0382A372CD90072E890 /* Ausprobieren.swift */ = {isa = PBXFileReference; lastKnownFileType = sourcecode.swift; path = Ausprobieren.swift; sourceTree = "<group>"; };
		B3F5B03A2A373B0A0072E890 /* CoreDataAccess.swift */ = {isa = PBXFileReference; lastKnownFileType = sourcecode.swift; path = CoreDataAccess.swift; sourceTree = "<group>"; };
/* End PBXFileReference section */

/* Begin PBXFrameworksBuildPhase section */
		B3570A482A16448500F9ED41 /* Frameworks */ = {
			isa = PBXFrameworksBuildPhase;
			buildActionMask = 2147483647;
			files = (
			);
			runOnlyForDeploymentPostprocessing = 0;
		};
/* End PBXFrameworksBuildPhase section */

/* Begin PBXGroup section */
		B34C25152A261A5A00DB3C4E /* ViewModel */ = {
			isa = PBXGroup;
			children = (
				B3B1ADC22A41B132006F12F1 /* CoreDataController.swift */,
				B3B1ADC52A41C6C6006F12F1 /* PetDataViewModel.swift */,
				B30FC03A2A43251C002A1B26 /* ProfileViewVM.swift */,
			);
			path = ViewModel;
			sourceTree = "<group>";
		};
		B3570A422A16448500F9ED41 = {
			isa = PBXGroup;
			children = (
				B3570A4D2A16448500F9ED41 /* HaustierApp */,
				B3570A4C2A16448500F9ED41 /* Products */,
			);
			sourceTree = "<group>";
		};
		B3570A4C2A16448500F9ED41 /* Products */ = {
			isa = PBXGroup;
			children = (
				B3570A4B2A16448500F9ED41 /* HaustierApp.app */,
			);
			name = Products;
			sourceTree = "<group>";
		};
		B3570A4D2A16448500F9ED41 /* HaustierApp */ = {
			isa = PBXGroup;
			children = (
				B3B1ADC42A41C650006F12F1 /* DeleteLater */,
				B3570A4E2A16448500F9ED41 /* HaustierAppApp.swift */,
				B3570A502A16448500F9ED41 /* ContentView.swift */,
				B34C25152A261A5A00DB3C4E /* ViewModel */,
				B3C04AB62A1F8D5300D92831 /* Model */,
				B3570A6A2A1BB9DE00F9ED41 /* View */,
				B3570A522A16448600F9ED41 /* Assets.xcassets */,
				B3570A572A16448600F9ED41 /* Persistence.swift */,
				B3C04AAF2A1F8CA700D92831 /* DataModel.xcdatamodeld */,
				B3570A542A16448600F9ED41 /* Preview Content */,
			);
			path = HaustierApp;
			sourceTree = "<group>";
		};
		B3570A542A16448600F9ED41 /* Preview Content */ = {
			isa = PBXGroup;
			children = (
				B3570A552A16448600F9ED41 /* Preview Assets.xcassets */,
			);
			path = "Preview Content";
			sourceTree = "<group>";
		};
		B3570A6A2A1BB9DE00F9ED41 /* View */ = {
			isa = PBXGroup;
			children = (
				B3B1ADC72A41CF60006F12F1 /* Components */,
				B34C251D2A263F0E00DB3C4E /* SlideInMenu.swift */,
				B34C25192A262BB800DB3C4E /* MainView.swift */,
				B3F5B0382A372CD90072E890 /* Ausprobieren.swift */,
				B3570A6B2A1BBC7700F9ED41 /* Dashboard.swift */,
				B3C04AD72A1F9B8B00D92831 /* SideMenu */,
				B35C8C0A2A261991009CC296 /* Profile */,
			);
			path = View;
			sourceTree = "<group>";
		};
		B35C8C0A2A261991009CC296 /* Profile */ = {
			isa = PBXGroup;
			children = (
				B35C8C062A20CAA5009CC296 /* ProfileOverview.swift */,
				B34C25252A28DC4C00DB3C4E /* PetDataView.swift */,
				B34C25292A28DED700DB3C4E /* PetDataInputView.swift */,
				B30FC0382A4321BE002A1B26 /* ProfileViewTile.swift */,
			);
			path = Profile;
			sourceTree = "<group>";
		};
		B3B1ADC42A41C650006F12F1 /* DeleteLater */ = {
			isa = PBXGroup;
			children = (
				B35C8C082A20CC4D009CC296 /* OverviewTile.swift */,
				B34C25162A2626DC00DB3C4E /* NavigationBar.swift */,
				B3B1ADC82A41CF74006F12F1 /* RadioButton.swift */,
				B37C34972A42FFF6004B75A2 /* RadioButtonGroup.swift */,
				B34C25132A261A5500DB3C4E /* ViewModel.swift */,
				B3F5B03A2A373B0A0072E890 /* CoreDataAccess.swift */,
			);
			path = DeleteLater;
			sourceTree = "<group>";
		};
		B3B1ADC72A41CF60006F12F1 /* Components */ = {
			isa = PBXGroup;
			children = (
			);
			path = Components;
			sourceTree = "<group>";
		};
		B3C04AB62A1F8D5300D92831 /* Model */ = {
			isa = PBXGroup;
			children = (
				B3C04ABF2A1F98E700D92831 /* FoodIntolerance+CoreDataClass.swift */,
				B3C04AC02A1F98E700D92831 /* FoodIntolerance+CoreDataProperties.swift */,
				B3C04AC12A1F98E700D92831 /* PetData+CoreDataClass.swift */,
				B3C04AC22A1F98E700D92831 /* PetData+CoreDataProperties.swift */,
				B3C04AC32A1F98E700D92831 /* Diagnosis+CoreDataClass.swift */,
				B3C04AC42A1F98E700D92831 /* Diagnosis+CoreDataProperties.swift */,
				B3C04AC52A1F98E700D92831 /* Medication+CoreDataClass.swift */,
				B3C04AC62A1F98E700D92831 /* Medication+CoreDataProperties.swift */,
				B3C04AC72A1F98E700D92831 /* Vaccine+CoreDataClass.swift */,
				B3C04AC82A1F98E700D92831 /* Vaccine+CoreDataProperties.swift */,
				B3C04AC92A1F98E700D92831 /* Food+CoreDataClass.swift */,
				B3C04ACA2A1F98E700D92831 /* Food+CoreDataProperties.swift */,
			);
			name = Model;
			path = ..;
			sourceTree = "<group>";
		};
		B3C04AD72A1F9B8B00D92831 /* SideMenu */ = {
			isa = PBXGroup;
			children = (
				B34C25272A28DDE000DB3C4E /* CreatePetButton.swift */,
				B34C251B2A26364A00DB3C4E /* PetProfileButton.swift */,
				B3BB75BE2A1D06B70049AD74 /* SideMenuView.swift */,
			);
			path = SideMenu;
			sourceTree = "<group>";
		};
/* End PBXGroup section */

/* Begin PBXNativeTarget section */
		B3570A4A2A16448500F9ED41 /* HaustierApp */ = {
			isa = PBXNativeTarget;
			buildConfigurationList = B3570A5E2A16448600F9ED41 /* Build configuration list for PBXNativeTarget "HaustierApp" */;
			buildPhases = (
				B3570A472A16448500F9ED41 /* Sources */,
				B3570A482A16448500F9ED41 /* Frameworks */,
				B3570A492A16448500F9ED41 /* Resources */,
			);
			buildRules = (
			);
			dependencies = (
			);
			name = HaustierApp;
			productName = HaustierApp;
			productReference = B3570A4B2A16448500F9ED41 /* HaustierApp.app */;
			productType = "com.apple.product-type.application";
		};
/* End PBXNativeTarget section */

/* Begin PBXProject section */
		B3570A432A16448500F9ED41 /* Project object */ = {
			isa = PBXProject;
			attributes = {
				BuildIndependentTargetsInParallel = 1;
				LastSwiftUpdateCheck = 1430;
				LastUpgradeCheck = 1430;
				TargetAttributes = {
					B3570A4A2A16448500F9ED41 = {
						CreatedOnToolsVersion = 14.3;
					};
				};
			};
			buildConfigurationList = B3570A462A16448500F9ED41 /* Build configuration list for PBXProject "HaustierApp" */;
			compatibilityVersion = "Xcode 14.0";
			developmentRegion = en;
			hasScannedForEncodings = 0;
			knownRegions = (
				en,
				Base,
			);
			mainGroup = B3570A422A16448500F9ED41;
			productRefGroup = B3570A4C2A16448500F9ED41 /* Products */;
			projectDirPath = "";
			projectRoot = "";
			targets = (
				B3570A4A2A16448500F9ED41 /* HaustierApp */,
			);
		};
/* End PBXProject section */

/* Begin PBXResourcesBuildPhase section */
		B3570A492A16448500F9ED41 /* Resources */ = {
			isa = PBXResourcesBuildPhase;
			buildActionMask = 2147483647;
			files = (
				B3570A562A16448600F9ED41 /* Preview Assets.xcassets in Resources */,
				B3570A532A16448600F9ED41 /* Assets.xcassets in Resources */,
			);
			runOnlyForDeploymentPostprocessing = 0;
		};
/* End PBXResourcesBuildPhase section */

/* Begin PBXSourcesBuildPhase section */
		B3570A472A16448500F9ED41 /* Sources */ = {
			isa = PBXSourcesBuildPhase;
			buildActionMask = 2147483647;
			files = (
				B30FC0392A4321BE002A1B26 /* ProfileViewTile.swift in Sources */,
				B3B1ADC92A41CF74006F12F1 /* RadioButton.swift in Sources */,
				B3B1ADC62A41C6C6006F12F1 /* PetDataViewModel.swift in Sources */,
				B3C04ACE2A1F98E700D92831 /* PetData+CoreDataProperties.swift in Sources */,
				B3BB75BF2A1D06B70049AD74 /* SideMenuView.swift in Sources */,
				B3C04AD22A1F98E700D92831 /* Medication+CoreDataProperties.swift in Sources */,
				B34C252A2A28DED700DB3C4E /* PetDataInputView.swift in Sources */,
				B3C04ACB2A1F98E700D92831 /* FoodIntolerance+CoreDataClass.swift in Sources */,
				B3C04ACC2A1F98E700D92831 /* FoodIntolerance+CoreDataProperties.swift in Sources */,
				B34C25172A2626DC00DB3C4E /* NavigationBar.swift in Sources */,
				B3C04AD12A1F98E700D92831 /* Medication+CoreDataClass.swift in Sources */,
				B3C04AD52A1F98E700D92831 /* Food+CoreDataClass.swift in Sources */,
				B3570A582A16448600F9ED41 /* Persistence.swift in Sources */,
				B3C04AD32A1F98E700D92831 /* Vaccine+CoreDataClass.swift in Sources */,
				B3F5B0392A372CD90072E890 /* Ausprobieren.swift in Sources */,
				B3B1ADC32A41B132006F12F1 /* CoreDataController.swift in Sources */,
				B3570A512A16448500F9ED41 /* ContentView.swift in Sources */,
				B30FC03B2A43251C002A1B26 /* ProfileViewVM.swift in Sources */,
				B3C04AB12A1F8CA700D92831 /* DataModel.xcdatamodeld in Sources */,
				B3F5B03B2A373B0A0072E890 /* CoreDataAccess.swift in Sources */,
				B34C25262A28DC4C00DB3C4E /* PetDataView.swift in Sources */,
				B37C34982A42FFF6004B75A2 /* RadioButtonGroup.swift in Sources */,
				B3570A6C2A1BBC7700F9ED41 /* Dashboard.swift in Sources */,
				B3C04ACF2A1F98E700D92831 /* Diagnosis+CoreDataClass.swift in Sources */,
				B34C25142A261A5500DB3C4E /* ViewModel.swift in Sources */,
				B3C04AD02A1F98E700D92831 /* Diagnosis+CoreDataProperties.swift in Sources */,
				B34C25282A28DDE000DB3C4E /* CreatePetButton.swift in Sources */,
				B35C8C092A20CC4D009CC296 /* OverviewTile.swift in Sources */,
				B3C04ACD2A1F98E700D92831 /* PetData+CoreDataClass.swift in Sources */,
				B3C04AD42A1F98E700D92831 /* Vaccine+CoreDataProperties.swift in Sources */,
				B34C251E2A263F0E00DB3C4E /* SlideInMenu.swift in Sources */,
				B34C251A2A262BB800DB3C4E /* MainView.swift in Sources */,
				B3570A4F2A16448500F9ED41 /* HaustierAppApp.swift in Sources */,
				B35C8C072A20CAA5009CC296 /* ProfileOverview.swift in Sources */,
				B3C04AD62A1F98E700D92831 /* Food+CoreDataProperties.swift in Sources */,
				B34C251C2A26364A00DB3C4E /* PetProfileButton.swift in Sources */,
			);
			runOnlyForDeploymentPostprocessing = 0;
		};
/* End PBXSourcesBuildPhase section */

/* Begin XCBuildConfiguration section */
		B3570A5C2A16448600F9ED41 /* Debug */ = {
			isa = XCBuildConfiguration;
			buildSettings = {
				ALWAYS_SEARCH_USER_PATHS = NO;
				CLANG_ANALYZER_NONNULL = YES;
				CLANG_ANALYZER_NUMBER_OBJECT_CONVERSION = YES_AGGRESSIVE;
				CLANG_CXX_LANGUAGE_STANDARD = "gnu++20";
				CLANG_ENABLE_MODULES = YES;
				CLANG_ENABLE_OBJC_ARC = YES;
				CLANG_ENABLE_OBJC_WEAK = YES;
				CLANG_WARN_BLOCK_CAPTURE_AUTORELEASING = YES;
				CLANG_WARN_BOOL_CONVERSION = YES;
				CLANG_WARN_COMMA = YES;
				CLANG_WARN_CONSTANT_CONVERSION = YES;
				CLANG_WARN_DEPRECATED_OBJC_IMPLEMENTATIONS = YES;
				CLANG_WARN_DIRECT_OBJC_ISA_USAGE = YES_ERROR;
				CLANG_WARN_DOCUMENTATION_COMMENTS = YES;
				CLANG_WARN_EMPTY_BODY = YES;
				CLANG_WARN_ENUM_CONVERSION = YES;
				CLANG_WARN_INFINITE_RECURSION = YES;
				CLANG_WARN_INT_CONVERSION = YES;
				CLANG_WARN_NON_LITERAL_NULL_CONVERSION = YES;
				CLANG_WARN_OBJC_IMPLICIT_RETAIN_SELF = YES;
				CLANG_WARN_OBJC_LITERAL_CONVERSION = YES;
				CLANG_WARN_OBJC_ROOT_CLASS = YES_ERROR;
				CLANG_WARN_QUOTED_INCLUDE_IN_FRAMEWORK_HEADER = YES;
				CLANG_WARN_RANGE_LOOP_ANALYSIS = YES;
				CLANG_WARN_STRICT_PROTOTYPES = YES;
				CLANG_WARN_SUSPICIOUS_MOVE = YES;
				CLANG_WARN_UNGUARDED_AVAILABILITY = YES_AGGRESSIVE;
				CLANG_WARN_UNREACHABLE_CODE = YES;
				CLANG_WARN__DUPLICATE_METHOD_MATCH = YES;
				COPY_PHASE_STRIP = NO;
				DEBUG_INFORMATION_FORMAT = dwarf;
				ENABLE_STRICT_OBJC_MSGSEND = YES;
				ENABLE_TESTABILITY = YES;
				GCC_C_LANGUAGE_STANDARD = gnu11;
				GCC_DYNAMIC_NO_PIC = NO;
				GCC_NO_COMMON_BLOCKS = YES;
				GCC_OPTIMIZATION_LEVEL = 0;
				GCC_PREPROCESSOR_DEFINITIONS = (
					"DEBUG=1",
					"$(inherited)",
				);
				GCC_WARN_64_TO_32_BIT_CONVERSION = YES;
				GCC_WARN_ABOUT_RETURN_TYPE = YES_ERROR;
				GCC_WARN_UNDECLARED_SELECTOR = YES;
				GCC_WARN_UNINITIALIZED_AUTOS = YES_AGGRESSIVE;
				GCC_WARN_UNUSED_FUNCTION = YES;
				GCC_WARN_UNUSED_VARIABLE = YES;
				IPHONEOS_DEPLOYMENT_TARGET = 16.4;
				MTL_ENABLE_DEBUG_INFO = INCLUDE_SOURCE;
				MTL_FAST_MATH = YES;
				ONLY_ACTIVE_ARCH = YES;
				SDKROOT = iphoneos;
				SWIFT_ACTIVE_COMPILATION_CONDITIONS = DEBUG;
				SWIFT_OPTIMIZATION_LEVEL = "-Onone";
			};
			name = Debug;
		};
		B3570A5D2A16448600F9ED41 /* Release */ = {
			isa = XCBuildConfiguration;
			buildSettings = {
				ALWAYS_SEARCH_USER_PATHS = NO;
				CLANG_ANALYZER_NONNULL = YES;
				CLANG_ANALYZER_NUMBER_OBJECT_CONVERSION = YES_AGGRESSIVE;
				CLANG_CXX_LANGUAGE_STANDARD = "gnu++20";
				CLANG_ENABLE_MODULES = YES;
				CLANG_ENABLE_OBJC_ARC = YES;
				CLANG_ENABLE_OBJC_WEAK = YES;
				CLANG_WARN_BLOCK_CAPTURE_AUTORELEASING = YES;
				CLANG_WARN_BOOL_CONVERSION = YES;
				CLANG_WARN_COMMA = YES;
				CLANG_WARN_CONSTANT_CONVERSION = YES;
				CLANG_WARN_DEPRECATED_OBJC_IMPLEMENTATIONS = YES;
				CLANG_WARN_DIRECT_OBJC_ISA_USAGE = YES_ERROR;
				CLANG_WARN_DOCUMENTATION_COMMENTS = YES;
				CLANG_WARN_EMPTY_BODY = YES;
				CLANG_WARN_ENUM_CONVERSION = YES;
				CLANG_WARN_INFINITE_RECURSION = YES;
				CLANG_WARN_INT_CONVERSION = YES;
				CLANG_WARN_NON_LITERAL_NULL_CONVERSION = YES;
				CLANG_WARN_OBJC_IMPLICIT_RETAIN_SELF = YES;
				CLANG_WARN_OBJC_LITERAL_CONVERSION = YES;
				CLANG_WARN_OBJC_ROOT_CLASS = YES_ERROR;
				CLANG_WARN_QUOTED_INCLUDE_IN_FRAMEWORK_HEADER = YES;
				CLANG_WARN_RANGE_LOOP_ANALYSIS = YES;
				CLANG_WARN_STRICT_PROTOTYPES = YES;
				CLANG_WARN_SUSPICIOUS_MOVE = YES;
				CLANG_WARN_UNGUARDED_AVAILABILITY = YES_AGGRESSIVE;
				CLANG_WARN_UNREACHABLE_CODE = YES;
				CLANG_WARN__DUPLICATE_METHOD_MATCH = YES;
				COPY_PHASE_STRIP = NO;
				DEBUG_INFORMATION_FORMAT = "dwarf-with-dsym";
				ENABLE_NS_ASSERTIONS = NO;
				ENABLE_STRICT_OBJC_MSGSEND = YES;
				GCC_C_LANGUAGE_STANDARD = gnu11;
				GCC_NO_COMMON_BLOCKS = YES;
				GCC_WARN_64_TO_32_BIT_CONVERSION = YES;
				GCC_WARN_ABOUT_RETURN_TYPE = YES_ERROR;
				GCC_WARN_UNDECLARED_SELECTOR = YES;
				GCC_WARN_UNINITIALIZED_AUTOS = YES_AGGRESSIVE;
				GCC_WARN_UNUSED_FUNCTION = YES;
				GCC_WARN_UNUSED_VARIABLE = YES;
				IPHONEOS_DEPLOYMENT_TARGET = 16.4;
				MTL_ENABLE_DEBUG_INFO = NO;
				MTL_FAST_MATH = YES;
				SDKROOT = iphoneos;
				SWIFT_COMPILATION_MODE = wholemodule;
				SWIFT_OPTIMIZATION_LEVEL = "-O";
				VALIDATE_PRODUCT = YES;
			};
			name = Release;
		};
		B3570A5F2A16448600F9ED41 /* Debug */ = {
			isa = XCBuildConfiguration;
			buildSettings = {
				ASSETCATALOG_COMPILER_APPICON_NAME = AppIcon;
				ASSETCATALOG_COMPILER_GLOBAL_ACCENT_COLOR_NAME = AccentColor;
				CODE_SIGN_STYLE = Automatic;
				CURRENT_PROJECT_VERSION = 1;
				DEVELOPMENT_ASSET_PATHS = "\"HaustierApp/Preview Content\"";
				DEVELOPMENT_TEAM = 4UWA3JWG77;
				ENABLE_PREVIEWS = YES;
				GENERATE_INFOPLIST_FILE = YES;
				INFOPLIST_KEY_UIApplicationSceneManifest_Generation = YES;
				INFOPLIST_KEY_UIApplicationSupportsIndirectInputEvents = YES;
				INFOPLIST_KEY_UILaunchScreen_Generation = YES;
				INFOPLIST_KEY_UISupportedInterfaceOrientations_iPad = "UIInterfaceOrientationPortrait UIInterfaceOrientationPortraitUpsideDown UIInterfaceOrientationLandscapeLeft UIInterfaceOrientationLandscapeRight";
				INFOPLIST_KEY_UISupportedInterfaceOrientations_iPhone = "UIInterfaceOrientationPortrait UIInterfaceOrientationLandscapeLeft UIInterfaceOrientationLandscapeRight";
				LD_RUNPATH_SEARCH_PATHS = (
					"$(inherited)",
					"@executable_path/Frameworks",
				);
				MARKETING_VERSION = 1.0;
				PRODUCT_BUNDLE_IDENTIFIER = de.antoniaeckert.HaustierApp;
				PRODUCT_NAME = "$(TARGET_NAME)";
				SWIFT_EMIT_LOC_STRINGS = YES;
				SWIFT_VERSION = 5.0;
				TARGETED_DEVICE_FAMILY = "1,2";
			};
			name = Debug;
		};
		B3570A602A16448600F9ED41 /* Release */ = {
			isa = XCBuildConfiguration;
			buildSettings = {
				ASSETCATALOG_COMPILER_APPICON_NAME = AppIcon;
				ASSETCATALOG_COMPILER_GLOBAL_ACCENT_COLOR_NAME = AccentColor;
				CODE_SIGN_STYLE = Automatic;
				CURRENT_PROJECT_VERSION = 1;
				DEVELOPMENT_ASSET_PATHS = "\"HaustierApp/Preview Content\"";
				DEVELOPMENT_TEAM = 4UWA3JWG77;
				ENABLE_PREVIEWS = YES;
				GENERATE_INFOPLIST_FILE = YES;
				INFOPLIST_KEY_UIApplicationSceneManifest_Generation = YES;
				INFOPLIST_KEY_UIApplicationSupportsIndirectInputEvents = YES;
				INFOPLIST_KEY_UILaunchScreen_Generation = YES;
				INFOPLIST_KEY_UISupportedInterfaceOrientations_iPad = "UIInterfaceOrientationPortrait UIInterfaceOrientationPortraitUpsideDown UIInterfaceOrientationLandscapeLeft UIInterfaceOrientationLandscapeRight";
				INFOPLIST_KEY_UISupportedInterfaceOrientations_iPhone = "UIInterfaceOrientationPortrait UIInterfaceOrientationLandscapeLeft UIInterfaceOrientationLandscapeRight";
				LD_RUNPATH_SEARCH_PATHS = (
					"$(inherited)",
					"@executable_path/Frameworks",
				);
				MARKETING_VERSION = 1.0;
				PRODUCT_BUNDLE_IDENTIFIER = de.antoniaeckert.HaustierApp;
				PRODUCT_NAME = "$(TARGET_NAME)";
				SWIFT_EMIT_LOC_STRINGS = YES;
				SWIFT_VERSION = 5.0;
				TARGETED_DEVICE_FAMILY = "1,2";
			};
			name = Release;
		};
/* End XCBuildConfiguration section */

/* Begin XCConfigurationList section */
		B3570A462A16448500F9ED41 /* Build configuration list for PBXProject "HaustierApp" */ = {
			isa = XCConfigurationList;
			buildConfigurations = (
				B3570A5C2A16448600F9ED41 /* Debug */,
				B3570A5D2A16448600F9ED41 /* Release */,
			);
			defaultConfigurationIsVisible = 0;
			defaultConfigurationName = Release;
		};
		B3570A5E2A16448600F9ED41 /* Build configuration list for PBXNativeTarget "HaustierApp" */ = {
			isa = XCConfigurationList;
			buildConfigurations = (
				B3570A5F2A16448600F9ED41 /* Debug */,
				B3570A602A16448600F9ED41 /* Release */,
			);
			defaultConfigurationIsVisible = 0;
			defaultConfigurationName = Release;
		};
/* End XCConfigurationList section */

/* Begin XCVersionGroup section */
		B3C04AAF2A1F8CA700D92831 /* DataModel.xcdatamodeld */ = {
			isa = XCVersionGroup;
			children = (
				B3C04AB02A1F8CA700D92831 /* DataModel.xcdatamodel */,
			);
			currentVersion = B3C04AB02A1F8CA700D92831 /* DataModel.xcdatamodel */;
			path = DataModel.xcdatamodeld;
			sourceTree = "<group>";
			versionGroupType = wrapper.xcdatamodel;
		};
/* End XCVersionGroup section */
	};
	rootObject = B3570A432A16448500F9ED41 /* Project object */;
}
